
Microsoft Visual Studio Solution File, Format Version 12.00
# Visual Studio 2012
Project("{FAE04EC0-301F-11D3-BF4B-00C04F79EFBC}") = "1dv406_2_1_Galleriet", "1dv406_2_1_Galleriet\1dv406_2_1_Galleriet.csproj", "{93D696FA-F304-44ED-B863-6C585771CE93}"
EndProject
Global
	GlobalSection(SolutionConfigurationPlatforms) = preSolution
		Debug|Any CPU = Debug|Any CPU
		Release|Any CPU = Release|Any CPU
	EndGlobalSection
	GlobalSection(ProjectConfigurationPlatforms) = postSolution
		{93D696FA-F304-44ED-B863-6C585771CE93}.Debug|Any CPU.ActiveCfg = Debug|Any CPU
		{93D696FA-F304-44ED-B863-6C585771CE93}.Debug|Any CPU.Build.0 = Debug|Any CPU
		{93D696FA-F304-44ED-B863-6C585771CE93}.Release|Any CPU.ActiveCfg = Release|Any CPU
		{93D696FA-F304-44ED-B863-6C585771CE93}.Release|Any CPU.Build.0 = Release|Any CPU
	EndGlobalSection
	GlobalSection(SolutionProperties) = preSolution
		HideSolutionNode = FALSE
	EndGlobalSection
EndGlobal
